
Microsoft Visual Studio Solution File, Format Version 12.00
# Visual Studio 15
VisualStudioVersion = 15.0.28307.329
MinimumVisualStudioVersion = 10.0.40219.1
Project("{FAE04EC0-301F-11D3-BF4B-00C04F79EFBC}") = "tic tac toe", "tic tac toe\tic tac toe.csproj", "{8BC7F216-7287-402C-8C21-2B7DD904C885}"
EndProject
Global
	GlobalSection(SolutionConfigurationPlatforms) = preSolution
		Debug|Any CPU = Debug|Any CPU
		Release|Any CPU = Release|Any CPU
	EndGlobalSection
	GlobalSection(ProjectConfigurationPlatforms) = postSolution
		{8BC7F216-7287-402C-8C21-2B7DD904C885}.Debug|Any CPU.ActiveCfg = Debug|Any CPU
		{8BC7F216-7287-402C-8C21-2B7DD904C885}.Debug|Any CPU.Build.0 = Debug|Any CPU
		{8BC7F216-7287-402C-8C21-2B7DD904C885}.Release|Any CPU.ActiveCfg = Release|Any CPU
		{8BC7F216-7287-402C-8C21-2B7DD904C885}.Release|Any CPU.Build.0 = Release|Any CPU
	EndGlobalSection
	GlobalSection(SolutionProperties) = preSolution
		HideSolutionNode = FALSE
	EndGlobalSection
	GlobalSection(ExtensibilityGlobals) = postSolution
		SolutionGuid = {C2D097A8-33D3-46FD-97EB-99C0765C939A}
	EndGlobalSection
EndGlobal
